
Microsoft Visual Studio Solution File, Format Version 12.00
# Visual Studio Version 16
VisualStudioVersion = 16.0.31005.135
MinimumVisualStudioVersion = 10.0.40219.1
Project("{FAE04EC0-301F-11D3-BF4B-00C04F79EFBC}") = "EStore", "EStore.csproj", "{5D4E6CA4-9E4B-446C-AA5A-9A4EBE589B6E}"
EndProject
Global
	GlobalSection(SolutionConfigurationPlatforms) = preSolution
		Debug|Any CPU = Debug|Any CPU
		Release|Any CPU = Release|Any CPU
	EndGlobalSection
	GlobalSection(ProjectConfigurationPlatforms) = postSolution
		{5D4E6CA4-9E4B-446C-AA5A-9A4EBE589B6E}.Debug|Any CPU.ActiveCfg = Debug|Any CPU
		{5D4E6CA4-9E4B-446C-AA5A-9A4EBE589B6E}.Debug|Any CPU.Build.0 = Debug|Any CPU
		{5D4E6CA4-9E4B-446C-AA5A-9A4EBE589B6E}.Release|Any CPU.ActiveCfg = Release|Any CPU
		{5D4E6CA4-9E4B-446C-AA5A-9A4EBE589B6E}.Release|Any CPU.Build.0 = Release|Any CPU
	EndGlobalSection
	GlobalSection(SolutionProperties) = preSolution
		HideSolutionNode = FALSE
	EndGlobalSection
	GlobalSection(ExtensibilityGlobals) = postSolution
		SolutionGuid = {712246C0-69B2-422C-B9BD-04E800D37667}
	EndGlobalSection
EndGlobal
